
Microsoft Visual Studio Solution File, Format Version 12.00
# Visual Studio 2015
Project("{FAE04EC0-301F-11D3-BF4B-00C04F79EFBC}") = "LudumDar35.CSharp.Plugins", "LudumDar35.CSharp.Plugins.csproj", "{2A103510-B321-55A6-8B5E-3E0E6E81FAA9}"
EndProject
Project("{FAE04EC0-301F-11D3-BF4B-00C04F79EFBC}") = "LudumDar35.CSharp", "LudumDar35.CSharp.csproj", "{B2AF1A50-8064-05AD-3BE9-F729690219D4}"
EndProject
Global
	GlobalSection(SolutionConfigurationPlatforms) = preSolution
		Debug|Any CPU = Debug|Any CPU
		Release|Any CPU = Release|Any CPU
	EndGlobalSection
	GlobalSection(ProjectConfigurationPlatforms) = postSolution
		{2A103510-B321-55A6-8B5E-3E0E6E81FAA9}.Debug|Any CPU.ActiveCfg = Debug|Any CPU
		{2A103510-B321-55A6-8B5E-3E0E6E81FAA9}.Debug|Any CPU.Build.0 = Debug|Any CPU
		{2A103510-B321-55A6-8B5E-3E0E6E81FAA9}.Release|Any CPU.ActiveCfg = Release|Any CPU
		{2A103510-B321-55A6-8B5E-3E0E6E81FAA9}.Release|Any CPU.Build.0 = Release|Any CPU
		{B2AF1A50-8064-05AD-3BE9-F729690219D4}.Debug|Any CPU.ActiveCfg = Debug|Any CPU
		{B2AF1A50-8064-05AD-3BE9-F729690219D4}.Debug|Any CPU.Build.0 = Debug|Any CPU
		{B2AF1A50-8064-05AD-3BE9-F729690219D4}.Release|Any CPU.ActiveCfg = Release|Any CPU
		{B2AF1A50-8064-05AD-3BE9-F729690219D4}.Release|Any CPU.Build.0 = Release|Any CPU
	EndGlobalSection
	GlobalSection(SolutionProperties) = preSolution
		HideSolutionNode = FALSE
	EndGlobalSection
EndGlobal
